
Microsoft Visual Studio Solution File, Format Version 12.00
# Visual Studio Version 17
VisualStudioVersion = 17.1.32407.343
MinimumVisualStudioVersion = 10.0.40219.1
Project("{FAE04EC0-301F-11D3-BF4B-00C04F79EFBC}") = "MedicineDonationPortal", "MedicineDonationPortal\MedicineDonationPortal.csproj", "{463AB12F-65EA-4F47-9DF3-871E7E82DD50}"
EndProject
Global
	GlobalSection(SolutionConfigurationPlatforms) = preSolution
		Debug|Any CPU = Debug|Any CPU
		Release|Any CPU = Release|Any CPU
	EndGlobalSection
	GlobalSection(ProjectConfigurationPlatforms) = postSolution
		{463AB12F-65EA-4F47-9DF3-871E7E82DD50}.Debug|Any CPU.ActiveCfg = Debug|Any CPU
		{463AB12F-65EA-4F47-9DF3-871E7E82DD50}.Debug|Any CPU.Build.0 = Debug|Any CPU
		{463AB12F-65EA-4F47-9DF3-871E7E82DD50}.Release|Any CPU.ActiveCfg = Release|Any CPU
		{463AB12F-65EA-4F47-9DF3-871E7E82DD50}.Release|Any CPU.Build.0 = Release|Any CPU
	EndGlobalSection
	GlobalSection(SolutionProperties) = preSolution
		HideSolutionNode = FALSE
	EndGlobalSection
	GlobalSection(ExtensibilityGlobals) = postSolution
		SolutionGuid = {358D732C-807D-45A6-8946-1004762F17D7}
	EndGlobalSection
EndGlobal
